Microsoft Visual Studio Solution File, Format Version 12.00
# Visual Studio Version 17
VisualStudioVersion = 17.5.2.0
MinimumVisualStudioVersion = 10.0.40219.1
Project("{FAE04EC0-301F-11D3-BF4B-00C04F79EFBC}") = "DocumentManager", "DocumentManager.csproj", "{93A10D6C-BA4F-A1D2-37C3-1C33783485A3}"
EndProject
Global
	GlobalSection(SolutionConfigurationPlatforms) = preSolution
		Debug|Any CPU = Debug|Any CPU
		Release|Any CPU = Release|Any CPU
	EndGlobalSection
	GlobalSection(ProjectConfigurationPlatforms) = postSolution
		{93A10D6C-BA4F-A1D2-37C3-1C33783485A3}.Debug|Any CPU.ActiveCfg = Debug|Any CPU
		{93A10D6C-BA4F-A1D2-37C3-1C33783485A3}.Debug|Any CPU.Build.0 = Debug|Any CPU
		{93A10D6C-BA4F-A1D2-37C3-1C33783485A3}.Release|Any CPU.ActiveCfg = Release|Any CPU
		{93A10D6C-BA4F-A1D2-37C3-1C33783485A3}.Release|Any CPU.Build.0 = Release|Any CPU
	EndGlobalSection
	GlobalSection(SolutionProperties) = preSolution
		HideSolutionNode = FALSE
	EndGlobalSection
	GlobalSection(ExtensibilityGlobals) = postSolution
		SolutionGuid = {984B7D61-3E92-4597-B344-BD9EF1A4A293}
	EndGlobalSection
EndGlobal
