
Microsoft Visual Studio Solution File, Format Version 12.00
# Visual Studio Version 17
VisualStudioVersion = 17.13.35825.156 d17.13
MinimumVisualStudioVersion = 10.0.40219.1
Project("{FAE04EC0-301F-11D3-BF4B-00C04F79EFBC}") = "DatabaseManagementApp", "DatabaseManagementApp\DatabaseManagementApp.csproj", "{005CBF04-9907-42C1-BEBE-4644F7433165}"
EndProject
Global
	GlobalSection(SolutionConfigurationPlatforms) = preSolution
		Debug|Any CPU = Debug|Any CPU
		Release|Any CPU = Release|Any CPU
	EndGlobalSection
	GlobalSection(ProjectConfigurationPlatforms) = postSolution
		{005CBF04-9907-42C1-BEBE-4644F7433165}.Debug|Any CPU.ActiveCfg = Debug|Any CPU
		{005CBF04-9907-42C1-BEBE-4644F7433165}.Debug|Any CPU.Build.0 = Debug|Any CPU
		{005CBF04-9907-42C1-BEBE-4644F7433165}.Release|Any CPU.ActiveCfg = Release|Any CPU
		{005CBF04-9907-42C1-BEBE-4644F7433165}.Release|Any CPU.Build.0 = Release|Any CPU
	EndGlobalSection
	GlobalSection(SolutionProperties) = preSolution
		HideSolutionNode = FALSE
	EndGlobalSection
	GlobalSection(ExtensibilityGlobals) = postSolution
		SolutionGuid = {C2990C4C-8E36-4819-BBC8-E1D3634A4F64}
	EndGlobalSection
EndGlobal
